# generated by rye
# use `rye lock` or `rye sync` to update this lockfile
#
# last locked with the following flags:
#   pre: false
#   features: []
#   all-features: false
#   with-sources: false
#   generate-hashes: false
#   universal: false

-e file:.
perlin-noise==1.13
    # via farminggame
pydub==0.25.1
pygame-ce==2.5.2
    # via farminggame
pygbag==0.9.2
    # via farminggame
